{
  "name": "Proyecto TFG GH",
  "lockfileVersion": 3,
  "requires": true,
  "packages": {
    "": {
      "dependencies": {
        "normalize-text": "^2.5.0"
      }
    },
    "node_modules/@bitty/pipe": {
      "version": "0.3.0",
      "resolved": "https://registry.npmjs.org/@bitty/pipe/-/pipe-0.3.0.tgz",
      "integrity": "sha512-Ft4tmMM8vfuQOD3jpmvCYPEXoLhWLXWh/Mkeql09d3+9FFMaQBdFdo8GBmhQ01z+D6P3NkqNq02rbb4oBkhjLw==",
      "license": "MIT"
    },
    "node_modules/normalize-text": {
      "version": "2.5.0",
      "resolved": "https://registry.npmjs.org/normalize-text/-/normalize-text-2.5.0.tgz",
      "integrity": "sha512-Pl3DEd6cu6ftiOFNPH2v9mSYVGRDV/d+cl2Xc8LdkJpNiK7YGlt4mE0uJ5q+dlutQCvgIGiBIwlbxlPM51QF/A==",
      "license": "MIT",
      "dependencies": {
        "@bitty/pipe": "^0.3.0"
      }
    }
  }
}
